
Microsoft Visual Studio Solution File, Format Version 12.00
# Visual Studio 15
VisualStudioVersion = 15.0.26228.10
MinimumVisualStudioVersion = 10.0.40219.1
Project("{FAE04EC0-301F-11D3-BF4B-00C04F79EFBC}") = "CORS", "CORS\CORS.csproj", "{E755B667-7391-4AD6-B265-7C1E92D4EE94}"
EndProject
Project("{FAE04EC0-301F-11D3-BF4B-00C04F79EFBC}") = "CORS.Client", "CORS.Client\CORS.Client.csproj", "{2A5C547A-07F4-46D5-A345-0AE55E3ADE54}"
EndProject
Global
	GlobalSection(SolutionConfigurationPlatforms) = preSolution
		Debug|Any CPU = Debug|Any CPU
		Release|Any CPU = Release|Any CPU
	EndGlobalSection
	GlobalSection(ProjectConfigurationPlatforms) = postSolution
		{E755B667-7391-4AD6-B265-7C1E92D4EE94}.Debug|Any CPU.ActiveCfg = Debug|Any CPU
		{E755B667-7391-4AD6-B265-7C1E92D4EE94}.Debug|Any CPU.Build.0 = Debug|Any CPU
		{E755B667-7391-4AD6-B265-7C1E92D4EE94}.Release|Any CPU.ActiveCfg = Release|Any CPU
		{E755B667-7391-4AD6-B265-7C1E92D4EE94}.Release|Any CPU.Build.0 = Release|Any CPU
		{2A5C547A-07F4-46D5-A345-0AE55E3ADE54}.Debug|Any CPU.ActiveCfg = Debug|Any CPU
		{2A5C547A-07F4-46D5-A345-0AE55E3ADE54}.Debug|Any CPU.Build.0 = Debug|Any CPU
		{2A5C547A-07F4-46D5-A345-0AE55E3ADE54}.Release|Any CPU.ActiveCfg = Release|Any CPU
		{2A5C547A-07F4-46D5-A345-0AE55E3ADE54}.Release|Any CPU.Build.0 = Release|Any CPU
	EndGlobalSection
	GlobalSection(SolutionProperties) = preSolution
		HideSolutionNode = FALSE
	EndGlobalSection
EndGlobal
